
Microsoft Visual Studio Solution File, Format Version 12.00
Project("{FAE04EC0-301F-11D3-BF4B-00C04F79EFBC}") = "FluidWebInterfaces.Compiler.Core", "FluidWebInterfaces.Compiler.Core\FluidWebInterfaces.Compiler.Core.csproj", "{9FF9EBCB-9489-4A92-9CE8-B92BEDE6103F}"
EndProject
Project("{FAE04EC0-301F-11D3-BF4B-00C04F79EFBC}") = "FluidWebInterfaces.Compiler.Playground", "FluidWebInterfaces.Compiler.Playground\FluidWebInterfaces.Compiler.Playground.csproj", "{4F4F48D9-FB6B-4E7A-BD51-3A8D0EC8E636}"
EndProject
Project("{FAE04EC0-301F-11D3-BF4B-00C04F79EFBC}") = "FluidWebInterfaces.Desktop", "FluidWebInterfaces.Desktop\FluidWebInterfaces.Desktop.csproj", "{904E2F85-3851-4A18-997A-604CF6DF9BBE}"
EndProject
Project("{FAE04EC0-301F-11D3-BF4B-00C04F79EFBC}") = "FluidWebInterfaces.Core", "FluidWebInterfaces.Core\FluidWebInterfaces.Core.csproj", "{79A10D26-FB78-4DC4-B0C8-9D321BC2ADC8}"
EndProject
Project("{FAE04EC0-301F-11D3-BF4B-00C04F79EFBC}") = "FluidWebInterfaces.Desktop.Installer", "FluidWebInterfaces.Desktop.Installer\FluidWebInterfaces.Desktop.Installer.csproj", "{3ADE1012-5A44-4FD8-AE68-572426C148D9}"
EndProject
Global
	GlobalSection(SolutionConfigurationPlatforms) = preSolution
		Debug|Any CPU = Debug|Any CPU
		Release|Any CPU = Release|Any CPU
	EndGlobalSection
	GlobalSection(ProjectConfigurationPlatforms) = postSolution
		{9FF9EBCB-9489-4A92-9CE8-B92BEDE6103F}.Debug|Any CPU.ActiveCfg = Debug|Any CPU
		{9FF9EBCB-9489-4A92-9CE8-B92BEDE6103F}.Debug|Any CPU.Build.0 = Debug|Any CPU
		{9FF9EBCB-9489-4A92-9CE8-B92BEDE6103F}.Release|Any CPU.ActiveCfg = Release|Any CPU
		{9FF9EBCB-9489-4A92-9CE8-B92BEDE6103F}.Release|Any CPU.Build.0 = Release|Any CPU
		{4F4F48D9-FB6B-4E7A-BD51-3A8D0EC8E636}.Debug|Any CPU.ActiveCfg = Debug|Any CPU
		{4F4F48D9-FB6B-4E7A-BD51-3A8D0EC8E636}.Debug|Any CPU.Build.0 = Debug|Any CPU
		{4F4F48D9-FB6B-4E7A-BD51-3A8D0EC8E636}.Release|Any CPU.ActiveCfg = Release|Any CPU
		{4F4F48D9-FB6B-4E7A-BD51-3A8D0EC8E636}.Release|Any CPU.Build.0 = Release|Any CPU
		{904E2F85-3851-4A18-997A-604CF6DF9BBE}.Debug|Any CPU.ActiveCfg = Debug|Any CPU
		{904E2F85-3851-4A18-997A-604CF6DF9BBE}.Debug|Any CPU.Build.0 = Debug|Any CPU
		{904E2F85-3851-4A18-997A-604CF6DF9BBE}.Release|Any CPU.ActiveCfg = Release|Any CPU
		{904E2F85-3851-4A18-997A-604CF6DF9BBE}.Release|Any CPU.Build.0 = Release|Any CPU
		{79A10D26-FB78-4DC4-B0C8-9D321BC2ADC8}.Debug|Any CPU.ActiveCfg = Debug|Any CPU
		{79A10D26-FB78-4DC4-B0C8-9D321BC2ADC8}.Debug|Any CPU.Build.0 = Debug|Any CPU
		{79A10D26-FB78-4DC4-B0C8-9D321BC2ADC8}.Release|Any CPU.ActiveCfg = Release|Any CPU
		{79A10D26-FB78-4DC4-B0C8-9D321BC2ADC8}.Release|Any CPU.Build.0 = Release|Any CPU
		{3ADE1012-5A44-4FD8-AE68-572426C148D9}.Debug|Any CPU.ActiveCfg = Debug|Any CPU
		{3ADE1012-5A44-4FD8-AE68-572426C148D9}.Debug|Any CPU.Build.0 = Debug|Any CPU
		{3ADE1012-5A44-4FD8-AE68-572426C148D9}.Release|Any CPU.ActiveCfg = Release|Any CPU
		{3ADE1012-5A44-4FD8-AE68-572426C148D9}.Release|Any CPU.Build.0 = Release|Any CPU
	EndGlobalSection
EndGlobal
